
Microsoft Visual Studio Solution File, Format Version 12.00
# Visual Studio Version 17
VisualStudioVersion = 17.1.32319.34
MinimumVisualStudioVersion = 10.0.40219.1
Project("{FAE04EC0-301F-11D3-BF4B-00C04F79EFBC}") = "WpfApp1", "WpfApp1\WpfApp1.csproj", "{301EFACC-BCB2-4AEE-98A3-BAEC4BEAA0BC}"
EndProject
Project("{2150E333-8FDC-42A3-9474-1A3956D46DE8}") = "images", "images", "{D7F0C1F9-8A41-433A-8993-C37BC877EB30}"
	ProjectSection(SolutionItems) = preProject
		..\..\..\Desktop\user.png = ..\..\..\Desktop\user.png
	EndProjectSection
EndProject
Global
	GlobalSection(SolutionConfigurationPlatforms) = preSolution
		Debug|Any CPU = Debug|Any CPU
		Release|Any CPU = Release|Any CPU
	EndGlobalSection
	GlobalSection(ProjectConfigurationPlatforms) = postSolution
		{301EFACC-BCB2-4AEE-98A3-BAEC4BEAA0BC}.Debug|Any CPU.ActiveCfg = Debug|Any CPU
		{301EFACC-BCB2-4AEE-98A3-BAEC4BEAA0BC}.Debug|Any CPU.Build.0 = Debug|Any CPU
		{301EFACC-BCB2-4AEE-98A3-BAEC4BEAA0BC}.Release|Any CPU.ActiveCfg = Release|Any CPU
		{301EFACC-BCB2-4AEE-98A3-BAEC4BEAA0BC}.Release|Any CPU.Build.0 = Release|Any CPU
	EndGlobalSection
	GlobalSection(SolutionProperties) = preSolution
		HideSolutionNode = FALSE
	EndGlobalSection
	GlobalSection(ExtensibilityGlobals) = postSolution
		SolutionGuid = {C3E9391C-8BB3-443E-8BC4-E3DE344C8014}
	EndGlobalSection
EndGlobal
